
Microsoft Visual Studio Solution File, Format Version 12.00
# Visual Studio 2012
Project("{FAE04EC0-301F-11D3-BF4B-00C04F79EFBC}") = "FlitBit.Emit", "FlitBit.Emit\FlitBit.Emit.csproj", "{045ABA61-7CD9-44EC-8C6A-DADE784C4CDB}"
EndProject
Project("{2150E333-8FDC-42A3-9474-1A3956D46DE8}") = ".nuget", ".nuget", "{FFB4334B-1D51-4F90-9E76-5B4B2F7D57B7}"
	ProjectSection(SolutionItems) = preProject
		.nuget\NuGet.Config = .nuget\NuGet.Config
		.nuget\NuGet.exe = .nuget\NuGet.exe
		.nuget\NuGet.targets = .nuget\NuGet.targets
	EndProjectSection
EndProject
Project("{FAE04EC0-301F-11D3-BF4B-00C04F79EFBC}") = "FlitBit.Emit.Tests", "FlitBit.Emit\FlitBit.Emit.Tests\FlitBit.Emit.Tests.csproj", "{40FFE0E1-1F39-49A8-A9CE-01D59957878A}"
EndProject
Project("{2150E333-8FDC-42A3-9474-1A3956D46DE8}") = "Solution Items", "Solution Items", "{C27F9AC6-569B-4AE2-81C1-51805D68588B}"
	ProjectSection(SolutionItems) = preProject
		Version.targets = Version.targets
	EndProjectSection
EndProject
Global
	GlobalSection(SolutionConfigurationPlatforms) = preSolution
		Debug|Any CPU = Debug|Any CPU
		Release|Any CPU = Release|Any CPU
	EndGlobalSection
	GlobalSection(ProjectConfigurationPlatforms) = postSolution
		{045ABA61-7CD9-44EC-8C6A-DADE784C4CDB}.Debug|Any CPU.ActiveCfg = Debug|Any CPU
		{045ABA61-7CD9-44EC-8C6A-DADE784C4CDB}.Debug|Any CPU.Build.0 = Debug|Any CPU
		{045ABA61-7CD9-44EC-8C6A-DADE784C4CDB}.Release|Any CPU.ActiveCfg = Release|Any CPU
		{045ABA61-7CD9-44EC-8C6A-DADE784C4CDB}.Release|Any CPU.Build.0 = Release|Any CPU
		{40FFE0E1-1F39-49A8-A9CE-01D59957878A}.Debug|Any CPU.ActiveCfg = Debug|Any CPU
		{40FFE0E1-1F39-49A8-A9CE-01D59957878A}.Debug|Any CPU.Build.0 = Debug|Any CPU
		{40FFE0E1-1F39-49A8-A9CE-01D59957878A}.Release|Any CPU.ActiveCfg = Release|Any CPU
		{40FFE0E1-1F39-49A8-A9CE-01D59957878A}.Release|Any CPU.Build.0 = Release|Any CPU
	EndGlobalSection
	GlobalSection(SolutionProperties) = preSolution
		HideSolutionNode = FALSE
	EndGlobalSection
EndGlobal
